// !$*UTF8*$!
{
	archiveVersion = 1;
	classes = {
	};
	objectVersion = 50;
	objects = {

/* Begin PBXBuildFile section */
		4567A7D026D36FF200F52152 /* iQibla WatchKit App.app in Embed Watch Content */ = {isa = PBXBuildFile; fileRef = 4567A7CF26D36FF200F52152 /* iQibla WatchKit App.app */; settings = {ATTRIBUTES = (RemoveHeadersOnCopy, ); }; };
		4567A7D526D36FF300F52152 /* Assets.xcassets in Resources */ = {isa = PBXBuildFile; fileRef = 4567A7D426D36FF300F52152 /* Assets.xcassets */; };
		4567A7DC26D36FF300F52152 /* iQibla WatchKit Extension.appex in Embed App Extensions */ = {isa = PBXBuildFile; fileRef = 4567A7DB26D36FF300F52152 /* iQibla WatchKit Extension.appex */; settings = {ATTRIBUTES = (RemoveHeadersOnCopy, ); }; };
		4567A7E126D36FF300F52152 /* ContentView.swift in Sources */ = {isa = PBXBuildFile; fileRef = 4567A7E026D36FF300F52152 /* ContentView.swift */; };
		4567A7E326D36FF300F52152 /* iQiblaApp.swift in Sources */ = {isa = PBXBuildFile; fileRef = 4567A7E226D36FF300F52152 /* iQiblaApp.swift */; };
		4567A7E526D36FF300F52152 /* ComplicationController.swift in Sources */ = {isa = PBXBuildFile; fileRef = 4567A7E426D36FF300F52152 /* ComplicationController.swift */; };
		4567A7E726D36FF400F52152 /* Assets.xcassets in Resources */ = {isa = PBXBuildFile; fileRef = 4567A7E626D36FF400F52152 /* Assets.xcassets */; };
		4567A7EA26D36FF400F52152 /* Preview Assets.xcassets in Resources */ = {isa = PBXBuildFile; fileRef = 4567A7E926D36FF400F52152 /* Preview Assets.xcassets */; };
		4567A7F526D36FF400F52152 /* iQiblaTests.swift in Sources */ = {isa = PBXBuildFile; fileRef = 4567A7F426D36FF400F52152 /* iQiblaTests.swift */; };
		4567A80026D36FF400F52152 /* iQiblaUITests.swift in Sources */ = {isa = PBXBuildFile; fileRef = 4567A7FF26D36FF400F52152 /* iQiblaUITests.swift */; };
/* End PBXBuildFile section */

/* Begin PBXContainerItemProxy section */
		4567A7D126D36FF200F52152 /* PBXContainerItemProxy */ = {
			isa = PBXContainerItemProxy;
			containerPortal = 4567A7C526D36FF200F52152 /* Project object */;
			proxyType = 1;
			remoteGlobalIDString = 4567A7CE26D36FF200F52152;
			remoteInfo = "iQibla WatchKit App";
		};
		4567A7DD26D36FF300F52152 /* PBXContainerItemProxy */ = {
			isa = PBXContainerItemProxy;
			containerPortal = 4567A7C526D36FF200F52152 /* Project object */;
			proxyType = 1;
			remoteGlobalIDString = 4567A7DA26D36FF300F52152;
			remoteInfo = "iQibla WatchKit Extension";
		};
		4567A7F126D36FF400F52152 /* PBXContainerItemProxy */ = {
			isa = PBXContainerItemProxy;
			containerPortal = 4567A7C526D36FF200F52152 /* Project object */;
			proxyType = 1;
			remoteGlobalIDString = 4567A7DA26D36FF300F52152;
			remoteInfo = "iQibla WatchKit Extension";
		};
		4567A7FC26D36FF400F52152 /* PBXContainerItemProxy */ = {
			isa = PBXContainerItemProxy;
			containerPortal = 4567A7C526D36FF200F52152 /* Project object */;
			proxyType = 1;
			remoteGlobalIDString = 4567A7CE26D36FF200F52152;
			remoteInfo = "iQibla WatchKit App";
		};
/* End PBXContainerItemProxy section */

/* Begin PBXCopyFilesBuildPhase section */
		4567A80726D36FF400F52152 /* Embed App Extensions */ = {
			isa = PBXCopyFilesBuildPhase;
			buildActionMask = 2147483647;
			dstPath = "";
			dstSubfolderSpec = 13;
			files = (
				4567A7DC26D36FF300F52152 /* iQibla WatchKit Extension.appex in Embed App Extensions */,
			);
			name = "Embed App Extensions";
			runOnlyForDeploymentPostprocessing = 0;
		};
		4567A80B26D36FF400F52152 /* Embed Watch Content */ = {
			isa = PBXCopyFilesBuildPhase;
			buildActionMask = 2147483647;
			dstPath = "$(CONTENTS_FOLDER_PATH)/Watch";
			dstSubfolderSpec = 16;
			files = (
				4567A7D026D36FF200F52152 /* iQibla WatchKit App.app in Embed Watch Content */,
			);
			name = "Embed Watch Content";
			runOnlyForDeploymentPostprocessing = 0;
		};
/* End PBXCopyFilesBuildPhase section */

/* Begin PBXFileReference section */
		4567A7CB26D36FF200F52152 /* iQibla.app */ = {isa = PBXFileReference; explicitFileType = wrapper.application; includeInIndex = 0; path = iQibla.app; sourceTree = BUILT_PRODUCTS_DIR; };
		4567A7CF26D36FF200F52152 /* iQibla WatchKit App.app */ = {isa = PBXFileReference; explicitFileType = wrapper.application; includeInIndex = 0; path = "iQibla WatchKit App.app"; sourceTree = BUILT_PRODUCTS_DIR; };
		4567A7D426D36FF300F52152 /* Assets.xcassets */ = {isa = PBXFileReference; lastKnownFileType = folder.assetcatalog; path = Assets.xcassets; sourceTree = "<group>"; };
		4567A7D626D36FF300F52152 /* Info.plist */ = {isa = PBXFileReference; lastKnownFileType = text.plist.xml; path = Info.plist; sourceTree = "<group>"; };
		4567A7DB26D36FF300F52152 /* iQibla WatchKit Extension.appex */ = {isa = PBXFileReference; explicitFileType = "wrapper.app-extension"; includeInIndex = 0; path = "iQibla WatchKit Extension.appex"; sourceTree = BUILT_PRODUCTS_DIR; };
		4567A7E026D36FF300F52152 /* ContentView.swift */ = {isa = PBXFileReference; lastKnownFileType = sourcecode.swift; path = ContentView.swift; sourceTree = "<group>"; };
		4567A7E226D36FF300F52152 /* iQiblaApp.swift */ = {isa = PBXFileReference; lastKnownFileType = sourcecode.swift; path = iQiblaApp.swift; sourceTree = "<group>"; };
		4567A7E426D36FF300F52152 /* ComplicationController.swift */ = {isa = PBXFileReference; lastKnownFileType = sourcecode.swift; path = ComplicationController.swift; sourceTree = "<group>"; };
		4567A7E626D36FF400F52152 /* Assets.xcassets */ = {isa = PBXFileReference; lastKnownFileType = folder.assetcatalog; path = Assets.xcassets; sourceTree = "<group>"; };
		4567A7E926D36FF400F52152 /* Preview Assets.xcassets */ = {isa = PBXFileReference; lastKnownFileType = folder.assetcatalog; path = "Preview Assets.xcassets"; sourceTree = "<group>"; };
		4567A7EB26D36FF400F52152 /* Info.plist */ = {isa = PBXFileReference; lastKnownFileType = text.plist.xml; path = Info.plist; sourceTree = "<group>"; };
		4567A7F026D36FF400F52152 /* iQiblaTests.xctest */ = {isa = PBXFileReference; explicitFileType = wrapper.cfbundle; includeInIndex = 0; path = iQiblaTests.xctest; sourceTree = BUILT_PRODUCTS_DIR; };
		4567A7F426D36FF400F52152 /* iQiblaTests.swift */ = {isa = PBXFileReference; lastKnownFileType = sourcecode.swift; path = iQiblaTests.swift; sourceTree = "<group>"; };
		4567A7F626D36FF400F52152 /* Info.plist */ = {isa = PBXFileReference; lastKnownFileType = text.plist.xml; path = Info.plist; sourceTree = "<group>"; };
		4567A7FB26D36FF400F52152 /* iQiblaUITests.xctest */ = {isa = PBXFileReference; explicitFileType = wrapper.cfbundle; includeInIndex = 0; path = iQiblaUITests.xctest; sourceTree = BUILT_PRODUCTS_DIR; };
		4567A7FF26D36FF400F52152 /* iQiblaUITests.swift */ = {isa = PBXFileReference; lastKnownFileType = sourcecode.swift; path = iQiblaUITests.swift; sourceTree = "<group>"; };
		4567A80126D36FF400F52152 /* Info.plist */ = {isa = PBXFileReference; lastKnownFileType = text.plist.xml; path = Info.plist; sourceTree = "<group>"; };
/* End PBXFileReference section */

/* Begin PBXFrameworksBuildPhase section */
		4567A7D826D36FF300F52152 /* Frameworks */ = {
			isa = PBXFrameworksBuildPhase;
			buildActionMask = 2147483647;
			files = (
			);
			runOnlyForDeploymentPostprocessing = 0;
		};
		4567A7ED26D36FF400F52152 /* Frameworks */ = {
			isa = PBXFrameworksBuildPhase;
			buildActionMask = 2147483647;
			files = (
			);
			runOnlyForDeploymentPostprocessing = 0;
		};
		4567A7F826D36FF400F52152 /* Frameworks */ = {
			isa = PBXFrameworksBuildPhase;
			buildActionMask = 2147483647;
			files = (
			);
			runOnlyForDeploymentPostprocessing = 0;
		};
/* End PBXFrameworksBuildPhase section */

/* Begin PBXGroup section */
		4567A7C426D36FF200F52152 = {
			isa = PBXGroup;
			children = (
				4567A7D326D36FF200F52152 /* iQibla WatchKit App */,
				4567A7DF26D36FF300F52152 /* iQibla WatchKit Extension */,
				4567A7F326D36FF400F52152 /* iQiblaTests */,
				4567A7FE26D36FF400F52152 /* iQiblaUITests */,
				4567A7CC26D36FF200F52152 /* Products */,
			);
			sourceTree = "<group>";
		};
		4567A7CC26D36FF200F52152 /* Products */ = {
			isa = PBXGroup;
			children = (
				4567A7CB26D36FF200F52152 /* iQibla.app */,
				4567A7CF26D36FF200F52152 /* iQibla WatchKit App.app */,
				4567A7DB26D36FF300F52152 /* iQibla WatchKit Extension.appex */,
				4567A7F026D36FF400F52152 /* iQiblaTests.xctest */,
				4567A7FB26D36FF400F52152 /* iQiblaUITests.xctest */,
			);
			name = Products;
			sourceTree = "<group>";
		};
		4567A7D326D36FF200F52152 /* iQibla WatchKit App */ = {
			isa = PBXGroup;
			children = (
				4567A7D426D36FF300F52152 /* Assets.xcassets */,
				4567A7D626D36FF300F52152 /* Info.plist */,
			);
			path = "iQibla WatchKit App";
			sourceTree = "<group>";
		};
		4567A7DF26D36FF300F52152 /* iQibla WatchKit Extension */ = {
			isa = PBXGroup;
			children = (
				4567A7E026D36FF300F52152 /* ContentView.swift */,
				4567A7E226D36FF300F52152 /* iQiblaApp.swift */,
				4567A7E426D36FF300F52152 /* ComplicationController.swift */,
				4567A7E626D36FF400F52152 /* Assets.xcassets */,
				4567A7EB26D36FF400F52152 /* Info.plist */,
				4567A7E826D36FF400F52152 /* Preview Content */,
			);
			path = "iQibla WatchKit Extension";
			sourceTree = "<group>";
		};
		4567A7E826D36FF400F52152 /* Preview Content */ = {
			isa = PBXGroup;
			children = (
				4567A7E926D36FF400F52152 /* Preview Assets.xcassets */,
			);
			path = "Preview Content";
			sourceTree = "<group>";
		};
		4567A7F326D36FF400F52152 /* iQiblaTests */ = {
			isa = PBXGroup;
			children = (
				4567A7F426D36FF400F52152 /* iQiblaTests.swift */,
				4567A7F626D36FF400F52152 /* Info.plist */,
			);
			path = iQiblaTests;
			sourceTree = "<group>";
		};
		4567A7FE26D36FF400F52152 /* iQiblaUITests */ = {
			isa = PBXGroup;
			children = (
				4567A7FF26D36FF400F52152 /* iQiblaUITests.swift */,
				4567A80126D36FF400F52152 /* Info.plist */,
			);
			path = iQiblaUITests;
			sourceTree = "<group>";
		};
/* End PBXGroup section */

/* Begin PBXNativeTarget section */
		4567A7CA26D36FF200F52152 /* iQibla */ = {
			isa = PBXNativeTarget;
			buildConfigurationList = 4567A80C26D36FF400F52152 /* Build configuration list for PBXNativeTarget "iQibla" */;
			buildPhases = (
				4567A7C926D36FF200F52152 /* Resources */,
				4567A80B26D36FF400F52152 /* Embed Watch Content */,
			);
			buildRules = (
			);
			dependencies = (
				4567A7D226D36FF200F52152 /* PBXTargetDependency */,
			);
			name = iQibla;
			productName = iQibla;
			productReference = 4567A7CB26D36FF200F52152 /* iQibla.app */;
			productType = "com.apple.product-type.application.watchapp2-container";
		};
		4567A7CE26D36FF200F52152 /* iQibla WatchKit App */ = {
			isa = PBXNativeTarget;
			buildConfigurationList = 4567A80826D36FF400F52152 /* Build configuration list for PBXNativeTarget "iQibla WatchKit App" */;
			buildPhases = (
				4567A7CD26D36FF200F52152 /* Resources */,
				4567A80726D36FF400F52152 /* Embed App Extensions */,
			);
			buildRules = (
			);
			dependencies = (
				4567A7DE26D36FF300F52152 /* PBXTargetDependency */,
			);
			name = "iQibla WatchKit App";
			productName = "iQibla WatchKit App";
			productReference = 4567A7CF26D36FF200F52152 /* iQibla WatchKit App.app */;
			productType = "com.apple.product-type.application.watchapp2";
		};
		4567A7DA26D36FF300F52152 /* iQibla WatchKit Extension */ = {
			isa = PBXNativeTarget;
			buildConfigurationList = 4567A80426D36FF400F52152 /* Build configuration list for PBXNativeTarget "iQibla WatchKit Extension" */;
			buildPhases = (
				4567A7D726D36FF300F52152 /* Sources */,
				4567A7D826D36FF300F52152 /* Frameworks */,
				4567A7D926D36FF300F52152 /* Resources */,
			);
			buildRules = (
			);
			dependencies = (
			);
			name = "iQibla WatchKit Extension";
			productName = "iQibla WatchKit Extension";
			productReference = 4567A7DB26D36FF300F52152 /* iQibla WatchKit Extension.appex */;
			productType = "com.apple.product-type.watchkit2-extension";
		};
		4567A7EF26D36FF400F52152 /* iQiblaTests */ = {
			isa = PBXNativeTarget;
			buildConfigurationList = 4567A80F26D36FF400F52152 /* Build configuration list for PBXNativeTarget "iQiblaTests" */;
			buildPhases = (
				4567A7EC26D36FF400F52152 /* Sources */,
				4567A7ED26D36FF400F52152 /* Frameworks */,
				4567A7EE26D36FF400F52152 /* Resources */,
			);
			buildRules = (
			);
			dependencies = (
				4567A7F226D36FF400F52152 /* PBXTargetDependency */,
			);
			name = iQiblaTests;
			productName = iQiblaTests;
			productReference = 4567A7F026D36FF400F52152 /* iQiblaTests.xctest */;
			productType = "com.apple.product-type.bundle.unit-test";
		};
		4567A7FA26D36FF400F52152 /* iQiblaUITests */ = {
			isa = PBXNativeTarget;
			buildConfigurationList = 4567A81226D36FF400F52152 /* Build configuration list for PBXNativeTarget "iQiblaUITests" */;
			buildPhases = (
				4567A7F726D36FF400F52152 /* Sources */,
				4567A7F826D36FF400F52152 /* Frameworks */,
				4567A7F926D36FF400F52152 /* Resources */,
			);
			buildRules = (
			);
			dependencies = (
				4567A7FD26D36FF400F52152 /* PBXTargetDependency */,
			);
			name = iQiblaUITests;
			productName = iQiblaUITests;
			productReference = 4567A7FB26D36FF400F52152 /* iQiblaUITests.xctest */;
			productType = "com.apple.product-type.bundle.ui-testing";
		};
/* End PBXNativeTarget section */

/* Begin PBXProject section */
		4567A7C526D36FF200F52152 /* Project object */ = {
			isa = PBXProject;
			attributes = {
				LastSwiftUpdateCheck = 1250;
				LastUpgradeCheck = 1250;
				TargetAttributes = {
					4567A7CA26D36FF200F52152 = {
						CreatedOnToolsVersion = 12.5.1;
					};
					4567A7CE26D36FF200F52152 = {
						CreatedOnToolsVersion = 12.5.1;
					};
					4567A7DA26D36FF300F52152 = {
						CreatedOnToolsVersion = 12.5.1;
					};
					4567A7EF26D36FF400F52152 = {
						CreatedOnToolsVersion = 12.5.1;
						TestTargetID = 4567A7DA26D36FF300F52152;
					};
					4567A7FA26D36FF400F52152 = {
						CreatedOnToolsVersion = 12.5.1;
						TestTargetID = 4567A7CE26D36FF200F52152;
					};
				};
			};
			buildConfigurationList = 4567A7C826D36FF200F52152 /* Build configuration list for PBXProject "iQibla" */;
			compatibilityVersion = "Xcode 9.3";
			developmentRegion = en;
			hasScannedForEncodings = 0;
			knownRegions = (
				en,
				Base,
			);
			mainGroup = 4567A7C426D36FF200F52152;
			productRefGroup = 4567A7CC26D36FF200F52152 /* Products */;
			projectDirPath = "";
			projectRoot = "";
			targets = (
				4567A7CA26D36FF200F52152 /* iQibla */,
				4567A7CE26D36FF200F52152 /* iQibla WatchKit App */,
				4567A7DA26D36FF300F52152 /* iQibla WatchKit Extension */,
				4567A7EF26D36FF400F52152 /* iQiblaTests */,
				4567A7FA26D36FF400F52152 /* iQiblaUITests */,
			);
		};
/* End PBXProject section */

/* Begin PBXResourcesBuildPhase section */
		4567A7C926D36FF200F52152 /* Resources */ = {
			isa = PBXResourcesBuildPhase;
			buildActionMask = 2147483647;
			files = (
			);
			runOnlyForDeploymentPostprocessing = 0;
		};
		4567A7CD26D36FF200F52152 /* Resources */ = {
			isa = PBXResourcesBuildPhase;
			buildActionMask = 2147483647;
			files = (
				4567A7D526D36FF300F52152 /* Assets.xcassets in Resources */,
			);
			runOnlyForDeploymentPostprocessing = 0;
		};
		4567A7D926D36FF300F52152 /* Resources */ = {
			isa = PBXResourcesBuildPhase;
			buildActionMask = 2147483647;
			files = (
				4567A7EA26D36FF400F52152 /* Preview Assets.xcassets in Resources */,
				4567A7E726D36FF400F52152 /* Assets.xcassets in Resources */,
			);
			runOnlyForDeploymentPostprocessing = 0;
		};
		4567A7EE26D36FF400F52152 /* Resources */ = {
			isa = PBXResourcesBuildPhase;
			buildActionMask = 2147483647;
			files = (
			);
			runOnlyForDeploymentPostprocessing = 0;
		};
		4567A7F926D36FF400F52152 /* Resources */ = {
			isa = PBXResourcesBuildPhase;
			buildActionMask = 2147483647;
			files = (
			);
			runOnlyForDeploymentPostprocessing = 0;
		};
/* End PBXResourcesBuildPhase section */

/* Begin PBXSourcesBuildPhase section */
		4567A7D726D36FF300F52152 /* Sources */ = {
			isa = PBXSourcesBuildPhase;
			buildActionMask = 2147483647;
			files = (
				4567A7E126D36FF300F52152 /* ContentView.swift in Sources */,
				4567A7E326D36FF300F52152 /* iQiblaApp.swift in Sources */,
				4567A7E526D36FF300F52152 /* ComplicationController.swift in Sources */,
			);
			runOnlyForDeploymentPostprocessing = 0;
		};
		4567A7EC26D36FF400F52152 /* Sources */ = {
			isa = PBXSourcesBuildPhase;
			buildActionMask = 2147483647;
			files = (
				4567A7F526D36FF400F52152 /* iQiblaTests.swift in Sources */,
			);
			runOnlyForDeploymentPostprocessing = 0;
		};
		4567A7F726D36FF400F52152 /* Sources */ = {
			isa = PBXSourcesBuildPhase;
			buildActionMask = 2147483647;
			files = (
				4567A80026D36FF400F52152 /* iQiblaUITests.swift in Sources */,
			);
			runOnlyForDeploymentPostprocessing = 0;
		};
/* End PBXSourcesBuildPhase section */

/* Begin PBXTargetDependency section */
		4567A7D226D36FF200F52152 /* PBXTargetDependency */ = {
			isa = PBXTargetDependency;
			target = 4567A7CE26D36FF200F52152 /* iQibla WatchKit App */;
			targetProxy = 4567A7D126D36FF200F52152 /* PBXContainerItemProxy */;
		};
		4567A7DE26D36FF300F52152 /* PBXTargetDependency */ = {
			isa = PBXTargetDependency;
			target = 4567A7DA26D36FF300F52152 /* iQibla WatchKit Extension */;
			targetProxy = 4567A7DD26D36FF300F52152 /* PBXContainerItemProxy */;
		};
		4567A7F226D36FF400F52152 /* PBXTargetDependency */ = {
			isa = PBXTargetDependency;
			target = 4567A7DA26D36FF300F52152 /* iQibla WatchKit Extension */;
			targetProxy = 4567A7F126D36FF400F52152 /* PBXContainerItemProxy */;
		};
		4567A7FD26D36FF400F52152 /* PBXTargetDependency */ = {
			isa = PBXTargetDependency;
			target = 4567A7CE26D36FF200F52152 /* iQibla WatchKit App */;
			targetProxy = 4567A7FC26D36FF400F52152 /* PBXContainerItemProxy */;
		};
/* End PBXTargetDependency section */

/* Begin XCBuildConfiguration section */
		4567A80226D36FF400F52152 /* Debug */ = {
			isa = XCBuildConfiguration;
			buildSettings = {
				ALWAYS_SEARCH_USER_PATHS = NO;
				CLANG_ANALYZER_NONNULL = YES;
				CLANG_ANALYZER_NUMBER_OBJECT_CONVERSION = YES_AGGRESSIVE;
				CLANG_CXX_LANGUAGE_STANDARD = "gnu++14";
				CLANG_CXX_LIBRARY = "libc++";
				CLANG_ENABLE_MODULES = YES;
				CLANG_ENABLE_OBJC_ARC = YES;
				CLANG_ENABLE_OBJC_WEAK = YES;
				CLANG_WARN_BLOCK_CAPTURE_AUTORELEASING = YES;
				CLANG_WARN_BOOL_CONVERSION = YES;
				CLANG_WARN_COMMA = YES;
				CLANG_WARN_CONSTANT_CONVERSION = YES;
				CLANG_WARN_DEPRECATED_OBJC_IMPLEMENTATIONS = YES;
				CLANG_WARN_DIRECT_OBJC_ISA_USAGE = YES_ERROR;
				CLANG_WARN_DOCUMENTATION_COMMENTS = YES;
				CLANG_WARN_EMPTY_BODY = YES;
				CLANG_WARN_ENUM_CONVERSION = YES;
				CLANG_WARN_INFINITE_RECURSION = YES;
				CLANG_WARN_INT_CONVERSION = YES;
				CLANG_WARN_NON_LITERAL_NULL_CONVERSION = YES;
				CLANG_WARN_OBJC_IMPLICIT_RETAIN_SELF = YES;
				CLANG_WARN_OBJC_LITERAL_CONVERSION = YES;
				CLANG_WARN_OBJC_ROOT_CLASS = YES_ERROR;
				CLANG_WARN_QUOTED_INCLUDE_IN_FRAMEWORK_HEADER = YES;
				CLANG_WARN_RANGE_LOOP_ANALYSIS = YES;
				CLANG_WARN_STRICT_PROTOTYPES = YES;
				CLANG_WARN_SUSPICIOUS_MOVE = YES;
				CLANG_WARN_UNGUARDED_AVAILABILITY = YES_AGGRESSIVE;
				CLANG_WARN_UNREACHABLE_CODE = YES;
				CLANG_WARN__DUPLICATE_METHOD_MATCH = YES;
				COPY_PHASE_STRIP = NO;
				DEBUG_INFORMATION_FORMAT = dwarf;
				ENABLE_STRICT_OBJC_MSGSEND = YES;
				ENABLE_TESTABILITY = YES;
				GCC_C_LANGUAGE_STANDARD = gnu11;
				GCC_DYNAMIC_NO_PIC = NO;
				GCC_NO_COMMON_BLOCKS = YES;
				GCC_OPTIMIZATION_LEVEL = 0;
				GCC_PREPROCESSOR_DEFINITIONS = (
					"DEBUG=1",
					"$(inherited)",
				);
				GCC_WARN_64_TO_32_BIT_CONVERSION = YES;
				GCC_WARN_ABOUT_RETURN_TYPE = YES_ERROR;
				GCC_WARN_UNDECLARED_SELECTOR = YES;
				GCC_WARN_UNINITIALIZED_AUTOS = YES_AGGRESSIVE;
				GCC_WARN_UNUSED_FUNCTION = YES;
				GCC_WARN_UNUSED_VARIABLE = YES;
				MTL_ENABLE_DEBUG_INFO = INCLUDE_SOURCE;
				MTL_FAST_MATH = YES;
				ONLY_ACTIVE_ARCH = YES;
				SDKROOT = iphoneos;
				SWIFT_ACTIVE_COMPILATION_CONDITIONS = DEBUG;
				SWIFT_OPTIMIZATION_LEVEL = "-Onone";
			};
			name = Debug;
		};
		4567A80326D36FF400F52152 /* Release */ = {
			isa = XCBuildConfiguration;
			buildSettings = {
				ALWAYS_SEARCH_USER_PATHS = NO;
				CLANG_ANALYZER_NONNULL = YES;
				CLANG_ANALYZER_NUMBER_OBJECT_CONVERSION = YES_AGGRESSIVE;
				CLANG_CXX_LANGUAGE_STANDARD = "gnu++14";
				CLANG_CXX_LIBRARY = "libc++";
				CLANG_ENABLE_MODULES = YES;
				CLANG_ENABLE_OBJC_ARC = YES;
				CLANG_ENABLE_OBJC_WEAK = YES;
				CLANG_WARN_BLOCK_CAPTURE_AUTORELEASING = YES;
				CLANG_WARN_BOOL_CONVERSION = YES;
				CLANG_WARN_COMMA = YES;
				CLANG_WARN_CONSTANT_CONVERSION = YES;
				CLANG_WARN_DEPRECATED_OBJC_IMPLEMENTATIONS = YES;
				CLANG_WARN_DIRECT_OBJC_ISA_USAGE = YES_ERROR;
				CLANG_WARN_DOCUMENTATION_COMMENTS = YES;
				CLANG_WARN_EMPTY_BODY = YES;
				CLANG_WARN_ENUM_CONVERSION = YES;
				CLANG_WARN_INFINITE_RECURSION = YES;
				CLANG_WARN_INT_CONVERSION = YES;
				CLANG_WARN_NON_LITERAL_NULL_CONVERSION = YES;
				CLANG_WARN_OBJC_IMPLICIT_RETAIN_SELF = YES;
				CLANG_WARN_OBJC_LITERAL_CONVERSION = YES;
				CLANG_WARN_OBJC_ROOT_CLASS = YES_ERROR;
				CLANG_WARN_QUOTED_INCLUDE_IN_FRAMEWORK_HEADER = YES;
				CLANG_WARN_RANGE_LOOP_ANALYSIS = YES;
				CLANG_WARN_STRICT_PROTOTYPES = YES;
				CLANG_WARN_SUSPICIOUS_MOVE = YES;
				CLANG_WARN_UNGUARDED_AVAILABILITY = YES_AGGRESSIVE;
				CLANG_WARN_UNREACHABLE_CODE = YES;
				CLANG_WARN__DUPLICATE_METHOD_MATCH = YES;
				COPY_PHASE_STRIP = NO;
				DEBUG_INFORMATION_FORMAT = "dwarf-with-dsym";
				ENABLE_NS_ASSERTIONS = NO;
				ENABLE_STRICT_OBJC_MSGSEND = YES;
				GCC_C_LANGUAGE_STANDARD = gnu11;
				GCC_NO_COMMON_BLOCKS = YES;
				GCC_WARN_64_TO_32_BIT_CONVERSION = YES;
				GCC_WARN_ABOUT_RETURN_TYPE = YES_ERROR;
				GCC_WARN_UNDECLARED_SELECTOR = YES;
				GCC_WARN_UNINITIALIZED_AUTOS = YES_AGGRESSIVE;
				GCC_WARN_UNUSED_FUNCTION = YES;
				GCC_WARN_UNUSED_VARIABLE = YES;
				MTL_ENABLE_DEBUG_INFO = NO;
				MTL_FAST_MATH = YES;
				SDKROOT = iphoneos;
				SWIFT_COMPILATION_MODE = wholemodule;
				SWIFT_OPTIMIZATION_LEVEL = "-O";
				VALIDATE_PRODUCT = YES;
			};
			name = Release;
		};
		4567A80526D36FF400F52152 /* Debug */ = {
			isa = XCBuildConfiguration;
			buildSettings = {
				ASSETCATALOG_COMPILER_COMPLICATION_NAME = Complication;
				CODE_SIGN_STYLE = Automatic;
				DEVELOPMENT_ASSET_PATHS = "\"iQibla WatchKit Extension/Preview Content\"";
				DEVELOPMENT_TEAM = 2V86NTJ62K;
				ENABLE_PREVIEWS = YES;
				INFOPLIST_FILE = "iQibla WatchKit Extension/Info.plist";
				LD_RUNPATH_SEARCH_PATHS = (
					"$(inherited)",
					"@executable_path/Frameworks",
					"@executable_path/../../Frameworks",
				);
				PRODUCT_BUNDLE_IDENTIFIER = com.wildangbudhi.iQibla.iQibla.watchkitapp.watchkitextension;
				PRODUCT_NAME = "${TARGET_NAME}";
				SDKROOT = watchos;
				SKIP_INSTALL = YES;
				SWIFT_VERSION = 5.0;
				TARGETED_DEVICE_FAMILY = 4;
				WATCHOS_DEPLOYMENT_TARGET = 7.4;
			};
			name = Debug;
		};
		4567A80626D36FF400F52152 /* Release */ = {
			isa = XCBuildConfiguration;
			buildSettings = {
				ASSETCATALOG_COMPILER_COMPLICATION_NAME = Complication;
				CODE_SIGN_STYLE = Automatic;
				DEVELOPMENT_ASSET_PATHS = "\"iQibla WatchKit Extension/Preview Content\"";
				DEVELOPMENT_TEAM = 2V86NTJ62K;
				ENABLE_PREVIEWS = YES;
				INFOPLIST_FILE = "iQibla WatchKit Extension/Info.plist";
				LD_RUNPATH_SEARCH_PATHS = (
					"$(inherited)",
					"@executable_path/Frameworks",
					"@executable_path/../../Frameworks",
				);
				PRODUCT_BUNDLE_IDENTIFIER = com.wildangbudhi.iQibla.iQibla.watchkitapp.watchkitextension;
				PRODUCT_NAME = "${TARGET_NAME}";
				SDKROOT = watchos;
				SKIP_INSTALL = YES;
				SWIFT_VERSION = 5.0;
				TARGETED_DEVICE_FAMILY = 4;
				WATCHOS_DEPLOYMENT_TARGET = 7.4;
			};
			name = Release;
		};
		4567A80926D36FF400F52152 /* Debug */ = {
			isa = XCBuildConfiguration;
			buildSettings = {
				ALWAYS_EMBED_SWIFT_STANDARD_LIBRARIES = YES;
				ASSETCATALOG_COMPILER_APPICON_NAME = AppIcon;
				ASSETCATALOG_COMPILER_GLOBAL_ACCENT_COLOR_NAME = AccentColor;
				CODE_SIGN_STYLE = Automatic;
				DEVELOPMENT_TEAM = 2V86NTJ62K;
				IBSC_MODULE = iQibla_WatchKit_Extension;
				INFOPLIST_FILE = "iQibla WatchKit App/Info.plist";
				PRODUCT_BUNDLE_IDENTIFIER = com.wildangbudhi.iQibla.iQibla.watchkitapp;
				PRODUCT_NAME = "$(TARGET_NAME)";
				SDKROOT = watchos;
				SKIP_INSTALL = YES;
				SWIFT_VERSION = 5.0;
				TARGETED_DEVICE_FAMILY = 4;
				WATCHOS_DEPLOYMENT_TARGET = 7.4;
			};
			name = Debug;
		};
		4567A80A26D36FF400F52152 /* Release */ = {
			isa = XCBuildConfiguration;
			buildSettings = {
				ALWAYS_EMBED_SWIFT_STANDARD_LIBRARIES = YES;
				ASSETCATALOG_COMPILER_APPICON_NAME = AppIcon;
				ASSETCATALOG_COMPILER_GLOBAL_ACCENT_COLOR_NAME = AccentColor;
				CODE_SIGN_STYLE = Automatic;
				DEVELOPMENT_TEAM = 2V86NTJ62K;
				IBSC_MODULE = iQibla_WatchKit_Extension;
				INFOPLIST_FILE = "iQibla WatchKit App/Info.plist";
				PRODUCT_BUNDLE_IDENTIFIER = com.wildangbudhi.iQibla.iQibla.watchkitapp;
				PRODUCT_NAME = "$(TARGET_NAME)";
				SDKROOT = watchos;
				SKIP_INSTALL = YES;
				SWIFT_VERSION = 5.0;
				TARGETED_DEVICE_FAMILY = 4;
				WATCHOS_DEPLOYMENT_TARGET = 7.4;
			};
			name = Release;
		};
		4567A80D26D36FF400F52152 /* Debug */ = {
			isa = XCBuildConfiguration;
			buildSettings = {
				CODE_SIGN_STYLE = Automatic;
				CURRENT_PROJECT_VERSION = 1;
				DEVELOPMENT_TEAM = 2V86NTJ62K;
				MARKETING_VERSION = 1.0;
				PRODUCT_BUNDLE_IDENTIFIER = com.wildangbudhi.iQibla.iQibla;
				PRODUCT_NAME = "$(TARGET_NAME)";
				SWIFT_VERSION = 5.0;
			};
			name = Debug;
		};
		4567A80E26D36FF400F52152 /* Release */ = {
			isa = XCBuildConfiguration;
			buildSettings = {
				CODE_SIGN_STYLE = Automatic;
				CURRENT_PROJECT_VERSION = 1;
				DEVELOPMENT_TEAM = 2V86NTJ62K;
				MARKETING_VERSION = 1.0;
				PRODUCT_BUNDLE_IDENTIFIER = com.wildangbudhi.iQibla.iQibla;
				PRODUCT_NAME = "$(TARGET_NAME)";
				SWIFT_VERSION = 5.0;
			};
			name = Release;
		};
		4567A81026D36FF400F52152 /* Debug */ = {
			isa = XCBuildConfiguration;
			buildSettings = {
				ALWAYS_EMBED_SWIFT_STANDARD_LIBRARIES = YES;
				BUNDLE_LOADER = "$(TEST_HOST)";
				CODE_SIGN_STYLE = Automatic;
				DEVELOPMENT_TEAM = 2V86NTJ62K;
				INFOPLIST_FILE = iQiblaTests/Info.plist;
				LD_RUNPATH_SEARCH_PATHS = (
					"$(inherited)",
					"@executable_path/Frameworks",
					"@loader_path/Frameworks",
				);
				PRODUCT_BUNDLE_IDENTIFIER = com.wildangbudhi.iQibla.iQiblaTests;
				PRODUCT_NAME = "$(TARGET_NAME)";
				SDKROOT = watchos;
				SWIFT_VERSION = 5.0;
				TARGETED_DEVICE_FAMILY = 4;
				TEST_HOST = "$(BUILT_PRODUCTS_DIR)/iQibla WatchKit Extension.appex/iQibla WatchKit Extension";
				WATCHOS_DEPLOYMENT_TARGET = 7.4;
			};
			name = Debug;
		};
		4567A81126D36FF400F52152 /* Release */ = {
			isa = XCBuildConfiguration;
			buildSettings = {
				ALWAYS_EMBED_SWIFT_STANDARD_LIBRARIES = YES;
				BUNDLE_LOADER = "$(TEST_HOST)";
				CODE_SIGN_STYLE = Automatic;
				DEVELOPMENT_TEAM = 2V86NTJ62K;
				INFOPLIST_FILE = iQiblaTests/Info.plist;
				LD_RUNPATH_SEARCH_PATHS = (
					"$(inherited)",
					"@executable_path/Frameworks",
					"@loader_path/Frameworks",
				);
				PRODUCT_BUNDLE_IDENTIFIER = com.wildangbudhi.iQibla.iQiblaTests;
				PRODUCT_NAME = "$(TARGET_NAME)";
				SDKROOT = watchos;
				SWIFT_VERSION = 5.0;
				TARGETED_DEVICE_FAMILY = 4;
				TEST_HOST = "$(BUILT_PRODUCTS_DIR)/iQibla WatchKit Extension.appex/iQibla WatchKit Extension";
				WATCHOS_DEPLOYMENT_TARGET = 7.4;
			};
			name = Release;
		};
		4567A81326D36FF400F52152 /* Debug */ = {
			isa = XCBuildConfiguration;
			buildSettings = {
				CODE_SIGN_STYLE = Automatic;
				DEVELOPMENT_TEAM = 2V86NTJ62K;
				INFOPLIST_FILE = iQiblaUITests/Info.plist;
				LD_RUNPATH_SEARCH_PATHS = (
					"$(inherited)",
					"@executable_path/Frameworks",
					"@loader_path/Frameworks",
				);
				PRODUCT_BUNDLE_IDENTIFIER = com.wildangbudhi.iQibla.iQiblaUITests;
				PRODUCT_NAME = "$(TARGET_NAME)";
				SDKROOT = watchos;
				SWIFT_VERSION = 5.0;
				TARGETED_DEVICE_FAMILY = 4;
				TEST_TARGET_NAME = "iQibla WatchKit App";
				WATCHOS_DEPLOYMENT_TARGET = 7.4;
			};
			name = Debug;
		};
		4567A81426D36FF400F52152 /* Release */ = {
			isa = XCBuildConfiguration;
			buildSettings = {
				CODE_SIGN_STYLE = Automatic;
				DEVELOPMENT_TEAM = 2V86NTJ62K;
				INFOPLIST_FILE = iQiblaUITests/Info.plist;
				LD_RUNPATH_SEARCH_PATHS = (
					"$(inherited)",
					"@executable_path/Frameworks",
					"@loader_path/Frameworks",
				);
				PRODUCT_BUNDLE_IDENTIFIER = com.wildangbudhi.iQibla.iQiblaUITests;
				PRODUCT_NAME = "$(TARGET_NAME)";
				SDKROOT = watchos;
				SWIFT_VERSION = 5.0;
				TARGETED_DEVICE_FAMILY = 4;
				TEST_TARGET_NAME = "iQibla WatchKit App";
				WATCHOS_DEPLOYMENT_TARGET = 7.4;
			};
			name = Release;
		};
/* End XCBuildConfiguration section */

/* Begin XCConfigurationList section */
		4567A7C826D36FF200F52152 /* Build configuration list for PBXProject "iQibla" */ = {
			isa = XCConfigurationList;
			buildConfigurations = (
				4567A80226D36FF400F52152 /* Debug */,
				4567A80326D36FF400F52152 /* Release */,
			);
			defaultConfigurationIsVisible = 0;
			defaultConfigurationName = Release;
		};
		4567A80426D36FF400F52152 /* Build configuration list for PBXNativeTarget "iQibla WatchKit Extension" */ = {
			isa = XCConfigurationList;
			buildConfigurations = (
				4567A80526D36FF400F52152 /* Debug */,
				4567A80626D36FF400F52152 /* Release */,
			);
			defaultConfigurationIsVisible = 0;
			defaultConfigurationName = Release;
		};
		4567A80826D36FF400F52152 /* Build configuration list for PBXNativeTarget "iQibla WatchKit App" */ = {
			isa = XCConfigurationList;
			buildConfigurations = (
				4567A80926D36FF400F52152 /* Debug */,
				4567A80A26D36FF400F52152 /* Release */,
			);
			defaultConfigurationIsVisible = 0;
			defaultConfigurationName = Release;
		};
		4567A80C26D36FF400F52152 /* Build configuration list for PBXNativeTarget "iQibla" */ = {
			isa = XCConfigurationList;
			buildConfigurations = (
				4567A80D26D36FF400F52152 /* Debug */,
				4567A80E26D36FF400F52152 /* Release */,
			);
			defaultConfigurationIsVisible = 0;
			defaultConfigurationName = Release;
		};
		4567A80F26D36FF400F52152 /* Build configuration list for PBXNativeTarget "iQiblaTests" */ = {
			isa = XCConfigurationList;
			buildConfigurations = (
				4567A81026D36FF400F52152 /* Debug */,
				4567A81126D36FF400F52152 /* Release */,
			);
			defaultConfigurationIsVisible = 0;
			defaultConfigurationName = Release;
		};
		4567A81226D36FF400F52152 /* Build configuration list for PBXNativeTarget "iQiblaUITests" */ = {
			isa = XCConfigurationList;
			buildConfigurations = (
				4567A81326D36FF400F52152 /* Debug */,
				4567A81426D36FF400F52152 /* Release */,
			);
			defaultConfigurationIsVisible = 0;
			defaultConfigurationName = Release;
		};
/* End XCConfigurationList section */
	};
	rootObject = 4567A7C526D36FF200F52152 /* Project object */;
}
